{
  "name": "@codemorph/devkit",
  "version": "1.2.4",
  "lockfileVersion": 2,
  "requires": true,
  "packages": {
    "": {
      "name": "@codemorph/devkit",
      "version": "1.2.4",
      "license": "RAZROO",
      "workspaces": [
        "src/rz/angular"
      ],
      "dependencies": {
        "@ctrl/tinycolor": "^3.6.0"
      },
      "devDependencies": {},
      "engines": {
        "node": ">=16.0.0",
        "npm": ">=8.0.0"
      }
    },
    "node_modules/@codemorph/angular": {
      "resolved": "src/rz/angular",
      "link": true
    },
    "node_modules/@ctrl/tinycolor": {
      "version": "3.6.0",
      "resolved": "https://registry.npmjs.org/@ctrl/tinycolor/-/tinycolor-3.6.0.tgz",
      "integrity": "sha512-/Z3l6pXthq0JvMYdUFyX9j0MaCltlIn6mfh9jLyQwg5aPKxkyNa0PTHtU1AlFXLNk55ZuAeJRcpvq+tmLfKmaQ==",
      "engines": {
        "node": ">=10"
      }
    },
    "src/rz/angular": {
      "name": "@codemorph/angular",
      "version": "0.0.1",
      "license": "RAZROO",
      "workspaces": [
        "src/rz/angular"
      ]
    }
  },
  "dependencies": {
    "@codemorph/angular": {
      "version": "file:src/rz/angular"
    },
    "@ctrl/tinycolor": {
      "version": "3.6.0",
      "resolved": "https://registry.npmjs.org/@ctrl/tinycolor/-/tinycolor-3.6.0.tgz",
      "integrity": "sha512-/Z3l6pXthq0JvMYdUFyX9j0MaCltlIn6mfh9jLyQwg5aPKxkyNa0PTHtU1AlFXLNk55ZuAeJRcpvq+tmLfKmaQ=="
    }
  }
}
